<?xml version="1.0" encoding="utf-8"?>
<Project ToolsVersion="4.0" xmlns="http://schemas.microsoft.com/developer/msbuild/2003">
  <ItemGroup>
    <Filter Include="Source Files">
      <UniqueIdentifier>{4FC737F1-C7A5-4376-A066-2A32D752A2FF}</UniqueIdentifier>
      <Extensions>qml;cpp;c;cc;cxx;def;odl;idl;hpj;bat;asm;asmx</Extensions>
    </Filter>
    <Filter Include="Resource Files">
      <UniqueIdentifier>{67DA6AB6-F800-4c08-8B7A-83BB121AAD01}</UniqueIdentifier>
      <Extensions>qrc;rc;ico;cur;bmp;dlg;rc2;rct;bin;rgs;gif;jpg;jpeg;jpe;resx;tiff;tif;png;wav;mfcribbon-ms</Extensions>
    </Filter>
    <Filter Include="Header Files">
      <UniqueIdentifier>{8d89b128-082f-40aa-8ec7-bf7547889486}</UniqueIdentifier>
    </Filter>
  </ItemGroup>
  <ItemGroup>
    <QtRcc Include="MainProcess.qrc">
      <Filter>Resource Files</Filter>
    </QtRcc>
    <ClCompile Include="MainProcess.cpp">
      <Filter>Source Files</Filter>
    </ClCompile>
    <None Include="Project.ico">
      <Filter>Resource Files</Filter>
    </None>
    <ResourceCompile Include="Project.rc">
      <Filter>Resource Files</Filter>
    </ResourceCompile>
  </ItemGroup>
  <ItemGroup>
    <ClCompile Include="main.cpp">
      <Filter>Source Files</Filter>
    </ClCompile>
    <ClCompile Include="KRPTSceneWidget.cpp">
      <Filter>Source Files</Filter>
    </ClCompile>
    <ClCompile Include="KRPTScene.cpp">
      <Filter>Source Files</Filter>
    </ClCompile>
    <ClCompile Include="KRPTSceneItem.cpp">
      <Filter>Source Files</Filter>
    </ClCompile>
    <ClCompile Include="KRPTSceneAnim.cpp">
      <Filter>Source Files</Filter>
    </ClCompile>
    <ClCompile Include="KRPTSceneEllipseItem.cpp">
      <Filter>Source Files</Filter>
    </ClCompile>
    <ClCompile Include="KRPTSceneRectItem.cpp">
      <Filter>Source Files</Filter>
    </ClCompile>
  </ItemGroup>
  <ItemGroup>
    <QtMoc Include="MainProcess.h">
      <Filter>Header Files</Filter>
    </QtMoc>
    <QtMoc Include="KRPTSceneWidget.h">
      <Filter>Header Files</Filter>
    </QtMoc>
  </ItemGroup>
  <ItemGroup>
    <ClInclude Include="KRPTScene.h">
      <Filter>Header Files</Filter>
    </ClInclude>
    <ClInclude Include="KRPTFlag.h">
      <Filter>Header Files</Filter>
    </ClInclude>
    <ClInclude Include="KRPTSceneItem.h">
      <Filter>Header Files</Filter>
    </ClInclude>
    <ClInclude Include="KRPTSceneAnim.h">
      <Filter>Header Files</Filter>
    </ClInclude>
    <ClInclude Include="KRPTSceneEvent.h">
      <Filter>Header Files</Filter>
    </ClInclude>
    <ClInclude Include="KRPTSceneEllipseItem.h">
      <Filter>Header Files</Filter>
    </ClInclude>
    <ClInclude Include="KRPTSceneRectItem.h">
      <Filter>Header Files</Filter>
    </ClInclude>
  </ItemGroup>
</Project>